
Microsoft Visual Studio Solution File, Format Version 12.00
# Visual Studio Version 17
VisualStudioVersion = 17.13.35919.96
MinimumVisualStudioVersion = 10.0.40219.1
Project("{9A19103F-16F7-4668-BE54-9A1E7A4F7556}") = "Baballonia", "src\Baballonia\Baballonia.csproj", "{00505DCC-588E-4E46-8F91-2AF6A88CBC78}"
EndProject
Project("{FAE04EC0-301F-11D3-BF4B-00C04F79EFBC}") = "Baballonia.Android", "src\Baballonia.Android\Baballonia.Android.csproj", "{63DAAA66-AF92-4170-9F89-6C2846B8E389}"
EndProject
Project("{9A19103F-16F7-4668-BE54-9A1E7A4F7556}") = "Baballonia.Desktop", "src\Baballonia.Desktop\Baballonia.Desktop.csproj", "{12649311-9B1B-4EDF-8917-4609499D70BB}"
EndProject
Project("{2150E333-8FDC-42A3-9474-1A3956D46DE8}") = "Solution Items", "Solution Items", "{82C6A0B4-5014-4BE4-9F52-7DC1989134E3}"
	ProjectSection(SolutionItems) = preProject
		.editorconfig = .editorconfig
		Directory.Build.props = Directory.Build.props
		LICENSE = LICENSE
		README.md = README.md
	EndProjectSection
EndProject
Project("{FAE04EC0-301F-11D3-BF4B-00C04F79EFBC}") = "Baballonia.iOS", "src\Baballonia.iOS\Baballonia.iOS.csproj", "{7720B7DB-1021-4F42-86C2-EBF1FD6BD461}"
EndProject
Project("{9A19103F-16F7-4668-BE54-9A1E7A4F7556}") = "VRCFaceTracking.Baballonia", "src\VRCFaceTracking.Baballonia\VRCFaceTracking.Baballonia.csproj", "{8E0592BC-591A-4460-8D7C-F4332B440162}"
EndProject
Project("{9A19103F-16F7-4668-BE54-9A1E7A4F7556}") = "HyperText.Avalonia", "src\HyperText.Avalonia\HyperText.Avalonia\HyperText.Avalonia.csproj", "{E78D7748-EB97-E3A4-05A1-0F5138626F84}"
EndProject
Project("{9A19103F-16F7-4668-BE54-9A1E7A4F7556}") = "VRCFaceTracking.Core", "src\VRCFaceTracking\VRCFaceTracking.Core\VRCFaceTracking.Core.csproj", "{675C25C0-5E62-BCA7-FCA7-430A07D644C7}"
EndProject
Project("{9A19103F-16F7-4668-BE54-9A1E7A4F7556}") = "VRCFaceTracking.SDK", "src\VRCFaceTracking\VRCFaceTracking.SDK\VRCFaceTracking.SDK.csproj", "{5A0F4F7B-3BFB-1630-D332-CA001501439E}"
EndProject
Project("{9A19103F-16F7-4668-BE54-9A1E7A4F7556}") = "Baballonia.SDK", "src\Baballonia.SDK\Baballonia.SDK.csproj", "{04D1AB25-86F7-4EE5-907F-67C067E26924}"
EndProject
Project("{9A19103F-16F7-4668-BE54-9A1E7A4F7556}") = "Baballonia.OpenCVCapture", "src\Baballonia.OpenCVCapture\Baballonia.OpenCVCapture.csproj", "{7DBED48D-9A54-4D44-BE5B-0538B0B31A99}"
EndProject
Project("{9A19103F-16F7-4668-BE54-9A1E7A4F7556}") = "Baballonia.SerialCameraCapture", "src\Baballonia.SerialCameraCapture\Baballonia.SerialCameraCapture.csproj", "{2E6C572A-2499-45DC-8A65-7EBA9706A25A}"
EndProject
Project("{9A19103F-16F7-4668-BE54-9A1E7A4F7556}") = "Baballonia.VFTCapture", "src\Baballonia.VFTCapture\Baballonia.VFTCapture.csproj", "{BA0A656D-FF1D-4E15-B43C-9BE5AE692256}"
EndProject
Project("{FAE04EC0-301F-11D3-BF4B-00C04F79EFBC}") = "Baballonia.Tests", "src\Baballonia.Tests\Baballonia.Tests.csproj", "{995A2825-3A5C-4567-8AB6-9E9CA78B75A2}"
EndProject
Project("{9A19103F-16F7-4668-BE54-9A1E7A4F7556}") = "VRCFaceTracking", "src\VRCFaceTracking\VRCFaceTracking\VRCFaceTracking.csproj", "{D8C25797-49BC-4024-A812-F44AB0B77BD1}"
EndProject
Project("{FAE04EC0-301F-11D3-BF4B-00C04F79EFBC}") = "Baballonia.IPCameraCapture", "src\Baballonia.IPCameraCapture\Baballonia.IPCameraCapture.csproj", "{575BB586-5394-4F94-A178-DF4062EC44A1}"
EndProject
Project("{FAE04EC0-301F-11D3-BF4B-00C04F79EFBC}") = "Baballonia.FastCorruptionDetector", "src\Baballonia.FastCorruptionDetector\Baballonia.FastCorruptionDetector.csproj", "{4B08BDE8-099A-405F-AB71-094E8FC24AB1}"
EndProject
Project("{FAE04EC0-301F-11D3-BF4B-00C04F79EFBC}") = "Baballonia.CaptureBin.IO", "src\Baballonia.CaptureBin.IO\Baballonia.CaptureBin.IO.csproj", "{8D298C1C-774E-4BF0-A107-D5D3985C7A9B}"
EndProject
Global
	GlobalSection(SolutionConfigurationPlatforms) = preSolution
		Debug|Any CPU = Debug|Any CPU
		Release|Any CPU = Release|Any CPU
	EndGlobalSection
	GlobalSection(ProjectConfigurationPlatforms) = postSolution
		{00505DCC-588E-4E46-8F91-2AF6A88CBC78}.Debug|Any CPU.ActiveCfg = Debug|Any CPU
		{00505DCC-588E-4E46-8F91-2AF6A88CBC78}.Debug|Any CPU.Build.0 = Debug|Any CPU
		{00505DCC-588E-4E46-8F91-2AF6A88CBC78}.Release|Any CPU.ActiveCfg = Release|Any CPU
		{00505DCC-588E-4E46-8F91-2AF6A88CBC78}.Release|Any CPU.Build.0 = Release|Any CPU
		{63DAAA66-AF92-4170-9F89-6C2846B8E389}.Debug|Any CPU.ActiveCfg = Debug|Any CPU
		{63DAAA66-AF92-4170-9F89-6C2846B8E389}.Debug|Any CPU.Build.0 = Debug|Any CPU
		{63DAAA66-AF92-4170-9F89-6C2846B8E389}.Debug|Any CPU.Deploy.0 = Debug|Any CPU
		{63DAAA66-AF92-4170-9F89-6C2846B8E389}.Release|Any CPU.ActiveCfg = Release|Any CPU
		{63DAAA66-AF92-4170-9F89-6C2846B8E389}.Release|Any CPU.Build.0 = Release|Any CPU
		{12649311-9B1B-4EDF-8917-4609499D70BB}.Debug|Any CPU.ActiveCfg = Debug|Any CPU
		{12649311-9B1B-4EDF-8917-4609499D70BB}.Debug|Any CPU.Build.0 = Debug|Any CPU
		{12649311-9B1B-4EDF-8917-4609499D70BB}.Release|Any CPU.ActiveCfg = Release|Any CPU
		{12649311-9B1B-4EDF-8917-4609499D70BB}.Release|Any CPU.Build.0 = Release|Any CPU
		{7720B7DB-1021-4F42-86C2-EBF1FD6BD461}.Debug|Any CPU.ActiveCfg = Debug|Any CPU
		{7720B7DB-1021-4F42-86C2-EBF1FD6BD461}.Debug|Any CPU.Build.0 = Debug|Any CPU
		{7720B7DB-1021-4F42-86C2-EBF1FD6BD461}.Release|Any CPU.ActiveCfg = Release|Any CPU
		{7720B7DB-1021-4F42-86C2-EBF1FD6BD461}.Release|Any CPU.Build.0 = Release|Any CPU
		{8E0592BC-591A-4460-8D7C-F4332B440162}.Debug|Any CPU.ActiveCfg = Debug|Any CPU
		{8E0592BC-591A-4460-8D7C-F4332B440162}.Debug|Any CPU.Build.0 = Debug|Any CPU
		{8E0592BC-591A-4460-8D7C-F4332B440162}.Release|Any CPU.ActiveCfg = Release|Any CPU
		{8E0592BC-591A-4460-8D7C-F4332B440162}.Release|Any CPU.Build.0 = Release|Any CPU
		{E78D7748-EB97-E3A4-05A1-0F5138626F84}.Debug|Any CPU.ActiveCfg = Debug|Any CPU
		{E78D7748-EB97-E3A4-05A1-0F5138626F84}.Debug|Any CPU.Build.0 = Debug|Any CPU
		{E78D7748-EB97-E3A4-05A1-0F5138626F84}.Release|Any CPU.ActiveCfg = Release|Any CPU
		{E78D7748-EB97-E3A4-05A1-0F5138626F84}.Release|Any CPU.Build.0 = Release|Any CPU
		{675C25C0-5E62-BCA7-FCA7-430A07D644C7}.Debug|Any CPU.ActiveCfg = Debug|Any CPU
		{675C25C0-5E62-BCA7-FCA7-430A07D644C7}.Debug|Any CPU.Build.0 = Debug|Any CPU
		{675C25C0-5E62-BCA7-FCA7-430A07D644C7}.Release|Any CPU.ActiveCfg = Release|Any CPU
		{675C25C0-5E62-BCA7-FCA7-430A07D644C7}.Release|Any CPU.Build.0 = Release|Any CPU
		{5A0F4F7B-3BFB-1630-D332-CA001501439E}.Debug|Any CPU.ActiveCfg = Debug|Any CPU
		{5A0F4F7B-3BFB-1630-D332-CA001501439E}.Debug|Any CPU.Build.0 = Debug|Any CPU
		{5A0F4F7B-3BFB-1630-D332-CA001501439E}.Release|Any CPU.ActiveCfg = Release|Any CPU
		{5A0F4F7B-3BFB-1630-D332-CA001501439E}.Release|Any CPU.Build.0 = Release|Any CPU
		{04D1AB25-86F7-4EE5-907F-67C067E26924}.Debug|Any CPU.ActiveCfg = Debug|Any CPU
		{04D1AB25-86F7-4EE5-907F-67C067E26924}.Debug|Any CPU.Build.0 = Debug|Any CPU
		{04D1AB25-86F7-4EE5-907F-67C067E26924}.Release|Any CPU.ActiveCfg = Release|Any CPU
		{04D1AB25-86F7-4EE5-907F-67C067E26924}.Release|Any CPU.Build.0 = Release|Any CPU
		{7DBED48D-9A54-4D44-BE5B-0538B0B31A99}.Debug|Any CPU.ActiveCfg = Debug|Any CPU
		{7DBED48D-9A54-4D44-BE5B-0538B0B31A99}.Debug|Any CPU.Build.0 = Debug|Any CPU
		{7DBED48D-9A54-4D44-BE5B-0538B0B31A99}.Release|Any CPU.ActiveCfg = Release|Any CPU
		{7DBED48D-9A54-4D44-BE5B-0538B0B31A99}.Release|Any CPU.Build.0 = Release|Any CPU
		{2E6C572A-2499-45DC-8A65-7EBA9706A25A}.Debug|Any CPU.ActiveCfg = Debug|Any CPU
		{2E6C572A-2499-45DC-8A65-7EBA9706A25A}.Debug|Any CPU.Build.0 = Debug|Any CPU
		{2E6C572A-2499-45DC-8A65-7EBA9706A25A}.Release|Any CPU.ActiveCfg = Release|Any CPU
		{2E6C572A-2499-45DC-8A65-7EBA9706A25A}.Release|Any CPU.Build.0 = Release|Any CPU
		{BA0A656D-FF1D-4E15-B43C-9BE5AE692256}.Debug|Any CPU.ActiveCfg = Debug|Any CPU
		{BA0A656D-FF1D-4E15-B43C-9BE5AE692256}.Debug|Any CPU.Build.0 = Debug|Any CPU
		{BA0A656D-FF1D-4E15-B43C-9BE5AE692256}.Release|Any CPU.ActiveCfg = Release|Any CPU
		{BA0A656D-FF1D-4E15-B43C-9BE5AE692256}.Release|Any CPU.Build.0 = Release|Any CPU
		{995A2825-3A5C-4567-8AB6-9E9CA78B75A2}.Debug|Any CPU.ActiveCfg = Debug|Any CPU
		{995A2825-3A5C-4567-8AB6-9E9CA78B75A2}.Debug|Any CPU.Build.0 = Debug|Any CPU
		{995A2825-3A5C-4567-8AB6-9E9CA78B75A2}.Release|Any CPU.ActiveCfg = Release|Any CPU
		{995A2825-3A5C-4567-8AB6-9E9CA78B75A2}.Release|Any CPU.Build.0 = Release|Any CPU
		{D8C25797-49BC-4024-A812-F44AB0B77BD1}.Debug|Any CPU.ActiveCfg = Debug|x86
		{D8C25797-49BC-4024-A812-F44AB0B77BD1}.Debug|Any CPU.Build.0 = Debug|x86
		{D8C25797-49BC-4024-A812-F44AB0B77BD1}.Release|Any CPU.ActiveCfg = Release|x86
		{D8C25797-49BC-4024-A812-F44AB0B77BD1}.Release|Any CPU.Build.0 = Release|x86
		{575BB586-5394-4F94-A178-DF4062EC44A1}.Debug|Any CPU.ActiveCfg = Debug|Any CPU
		{575BB586-5394-4F94-A178-DF4062EC44A1}.Debug|Any CPU.Build.0 = Debug|Any CPU
		{575BB586-5394-4F94-A178-DF4062EC44A1}.Release|Any CPU.ActiveCfg = Release|Any CPU
		{575BB586-5394-4F94-A178-DF4062EC44A1}.Release|Any CPU.Build.0 = Release|Any CPU
		{4B08BDE8-099A-405F-AB71-094E8FC24AB1}.Debug|Any CPU.ActiveCfg = Debug|Any CPU
		{4B08BDE8-099A-405F-AB71-094E8FC24AB1}.Debug|Any CPU.Build.0 = Debug|Any CPU
		{4B08BDE8-099A-405F-AB71-094E8FC24AB1}.Release|Any CPU.ActiveCfg = Release|Any CPU
		{4B08BDE8-099A-405F-AB71-094E8FC24AB1}.Release|Any CPU.Build.0 = Release|Any CPU
		{8D298C1C-774E-4BF0-A107-D5D3985C7A9B}.Debug|Any CPU.ActiveCfg = Debug|Any CPU
		{8D298C1C-774E-4BF0-A107-D5D3985C7A9B}.Debug|Any CPU.Build.0 = Debug|Any CPU
		{8D298C1C-774E-4BF0-A107-D5D3985C7A9B}.Release|Any CPU.ActiveCfg = Release|Any CPU
		{8D298C1C-774E-4BF0-A107-D5D3985C7A9B}.Release|Any CPU.Build.0 = Release|Any CPU
	EndGlobalSection
	GlobalSection(SolutionProperties) = preSolution
		HideSolutionNode = FALSE
	EndGlobalSection
	GlobalSection(NestedProjects) = preSolution
		{E78D7748-EB97-E3A4-05A1-0F5138626F84} = {82C6A0B4-5014-4BE4-9F52-7DC1989134E3}
		{675C25C0-5E62-BCA7-FCA7-430A07D644C7} = {82C6A0B4-5014-4BE4-9F52-7DC1989134E3}
		{5A0F4F7B-3BFB-1630-D332-CA001501439E} = {82C6A0B4-5014-4BE4-9F52-7DC1989134E3}
		{7DBED48D-9A54-4D44-BE5B-0538B0B31A99} = {82C6A0B4-5014-4BE4-9F52-7DC1989134E3}
		{2E6C572A-2499-45DC-8A65-7EBA9706A25A} = {82C6A0B4-5014-4BE4-9F52-7DC1989134E3}
		{BA0A656D-FF1D-4E15-B43C-9BE5AE692256} = {82C6A0B4-5014-4BE4-9F52-7DC1989134E3}
		{42922296-1CEC-4136-9D6B-1396CF84E95A} = {82C6A0B4-5014-4BE4-9F52-7DC1989134E3}
		{D8C25797-49BC-4024-A812-F44AB0B77BD1} = {82C6A0B4-5014-4BE4-9F52-7DC1989134E3}
		{575BB586-5394-4F94-A178-DF4062EC44A1} = {82C6A0B4-5014-4BE4-9F52-7DC1989134E3}
		{4B08BDE8-099A-405F-AB71-094E8FC24AB1} = {82C6A0B4-5014-4BE4-9F52-7DC1989134E3}
		{8D298C1C-774E-4BF0-A107-D5D3985C7A9B} = {82C6A0B4-5014-4BE4-9F52-7DC1989134E3}
	EndGlobalSection
	GlobalSection(ExtensibilityGlobals) = postSolution
		SolutionGuid = {8D6643ED-DDC1-4236-9471-024DCCFC81F6}
	EndGlobalSection
EndGlobal
